
Microsoft Visual Studio Solution File, Format Version 12.00
# Visual Studio Version 17
VisualStudioVersion = 17.11.35303.130
MinimumVisualStudioVersion = 10.0.40219.1
Project("{FAE04EC0-301F-11D3-BF4B-00C04F79EFBC}") = "PIRATA", "PIRATA\PIRATA.csproj", "{5562BBAD-9169-41D7-8479-01E2BC8B15DA}"
EndProject
Global
	GlobalSection(SolutionConfigurationPlatforms) = preSolution
		Debug|Any CPU = Debug|Any CPU
		Release|Any CPU = Release|Any CPU
	EndGlobalSection
	GlobalSection(ProjectConfigurationPlatforms) = postSolution
		{5562BBAD-9169-41D7-8479-01E2BC8B15DA}.Debug|Any CPU.ActiveCfg = Debug|Any CPU
		{5562BBAD-9169-41D7-8479-01E2BC8B15DA}.Debug|Any CPU.Build.0 = Debug|Any CPU
		{5562BBAD-9169-41D7-8479-01E2BC8B15DA}.Release|Any CPU.ActiveCfg = Release|Any CPU
		{5562BBAD-9169-41D7-8479-01E2BC8B15DA}.Release|Any CPU.Build.0 = Release|Any CPU
	EndGlobalSection
	GlobalSection(SolutionProperties) = preSolution
		HideSolutionNode = FALSE
	EndGlobalSection
	GlobalSection(ExtensibilityGlobals) = postSolution
		SolutionGuid = {3C81FED6-234E-42DF-8D3C-02856E176BF1}
	EndGlobalSection
EndGlobal
